
Microsoft Visual Studio Solution File, Format Version 12.00
# Visual Studio Version 16
VisualStudioVersion = 16.0.30204.135
MinimumVisualStudioVersion = 10.0.40219.1
Project("{9A19103F-16F7-4668-BE54-9A1E7A4F7556}") = "DynamicPotterTrivia", "DynamicPotterTrivia\DynamicPotterTrivia.csproj", "{649BAC75-4652-4CA9-8B6E-35031B95CA23}"
EndProject
Global
	GlobalSection(SolutionConfigurationPlatforms) = preSolution
		Debug|Any CPU = Debug|Any CPU
		Release|Any CPU = Release|Any CPU
	EndGlobalSection
	GlobalSection(ProjectConfigurationPlatforms) = postSolution
		{649BAC75-4652-4CA9-8B6E-35031B95CA23}.Debug|Any CPU.ActiveCfg = Debug|Any CPU
		{649BAC75-4652-4CA9-8B6E-35031B95CA23}.Debug|Any CPU.Build.0 = Debug|Any CPU
		{649BAC75-4652-4CA9-8B6E-35031B95CA23}.Release|Any CPU.ActiveCfg = Release|Any CPU
		{649BAC75-4652-4CA9-8B6E-35031B95CA23}.Release|Any CPU.Build.0 = Release|Any CPU
	EndGlobalSection
	GlobalSection(SolutionProperties) = preSolution
		HideSolutionNode = FALSE
	EndGlobalSection
	GlobalSection(ExtensibilityGlobals) = postSolution
		SolutionGuid = {98202A12-6936-4B78-B2CC-C7406BDDD052}
	EndGlobalSection
EndGlobal
